github.com/coreos/go-systemd/v22 v22.0.0 h1:XJIw/+VlJ+87J+doOxznsAWIdmWuViOVhkQamW5YV28=
github.com/coreos/go-systemd/v22 v22.0.0/go.mod h1:xO0FLkIi5MaZafQlIrOotqXZ90ih+1atmu1JpKERPPk=
github.com/coreos/go-systemd/v22 v22.1.0/go.mod h1:xO0FLkIi5MaZafQlIrOotqXZ90ih+1atmu1JpKERPPk=
github.com/davecgh/go-spew v1.1.1/go.mod h1:J7Y8YcW2NihsgmVo/mv3lAwl/skON4iLHjSsI+c5H38=
github.com/godbus/dbus/v5 v5.0.3/go.mod h1:xhWf0FNVPg57R7Z0UbKHbJfkEywrmjJnf7w5xrFpKfA=
github.com/gorilla/websocket v1.4.2 h1:+/TMaTYc4QFitKJxsQ7Yye35DkWvkdLcvGKqM+x0Ufc=
github.com/gorilla/websocket v1.4.2/go.mod h1:YR8l580nyteQvAITg2hZ9XVh4b55+EU/adAjf1fMHhE=
github.com/konsorten/go-windows-terminal-sequences v1.0.3/go.mod h1:T0+1ngSBFLxvqU3pZ+m/2kptfBszLMUkC4ZK/EgS/cQ=
github.com/pmezard/go-difflib v1.0.0/go.mod h1:iKH77koFhYxTK1pcRnkKkqfTogsbg7gZNVY4sRDYZ/4=
github.com/sirupsen/logrus v1.6.0/go.mod h1:7uNnSEd1DgxDLC74fIahvMZmmYsHGZGEOFrfsX/uA88=
github.com/stretchr/testify v1.2.2/go.mod h1:a8OnRcib4nhh0OaRAV+Yts87kKdq0PP7pXfy6kDkUVs=
golang.org/x/sys v0.0.0-20190422165155-953cdadca894/go.mod h1:h1NjWce9XRLGQEsW7wpKNCjG9DtNlClVuFLEZdDNbEs=
golang.org/x/sys v0.0.0-20200610111108-226ff32320da h1:bGb80FudwxpeucJUjPYJXuJ8Hk91vNtfvrymzwiei38=
golang.org/x/sys v0.0.0-20200610111108-226ff32320da/go.mod h1:h1NjWce9XRLGQEsW7wpKNCjG9DtNlClVuFLEZdDNbEs=
golang.org/x/sys v0.0.0-20200908134130-d2e65c121b96 h1:gJciq3lOg0eS9fSZJcoHfv7q1BfC6cJfnmSSKL1yu3Q=
golang.org/x/sys v0.0.0-20200908134130-d2e65c121b96/go.mod h1:h1NjWce9XRLGQEsW7wpKNCjG9DtNlClVuFLEZdDNbEs=
